
Microsoft Visual Studio Solution File, Format Version 12.00
# Visual Studio Version 16
VisualStudioVersion = 16.0.30611.23
MinimumVisualStudioVersion = 10.0.40219.1
Project("{00D1A9C2-B5F0-4AF3-8072-F6C62B433612}") = "ProdDb", "ProdDb\ProdDb.sqlproj", "{18789DB7-6BD0-47DC-90ED-A6A54E4CC47B}"
EndProject
Global
	GlobalSection(SolutionConfigurationPlatforms) = preSolution
		Debug|Any CPU = Debug|Any CPU
		Release|Any CPU = Release|Any CPU
	EndGlobalSection
	GlobalSection(ProjectConfigurationPlatforms) = postSolution
		{18789DB7-6BD0-47DC-90ED-A6A54E4CC47B}.Debug|Any CPU.ActiveCfg = Debug|Any CPU
		{18789DB7-6BD0-47DC-90ED-A6A54E4CC47B}.Debug|Any CPU.Build.0 = Debug|Any CPU
		{18789DB7-6BD0-47DC-90ED-A6A54E4CC47B}.Debug|Any CPU.Deploy.0 = Debug|Any CPU
		{18789DB7-6BD0-47DC-90ED-A6A54E4CC47B}.Release|Any CPU.ActiveCfg = Release|Any CPU
		{18789DB7-6BD0-47DC-90ED-A6A54E4CC47B}.Release|Any CPU.Build.0 = Release|Any CPU
		{18789DB7-6BD0-47DC-90ED-A6A54E4CC47B}.Release|Any CPU.Deploy.0 = Release|Any CPU
	EndGlobalSection
	GlobalSection(SolutionProperties) = preSolution
		HideSolutionNode = FALSE
	EndGlobalSection
	GlobalSection(ExtensibilityGlobals) = postSolution
		SolutionGuid = {4980923F-61C5-483C-BE6D-D8D8453F3589}
	EndGlobalSection
EndGlobal
